
Microsoft Visual Studio Solution File, Format Version 12.00
# Visual Studio 15
VisualStudioVersion = 15.0.28307.168
MinimumVisualStudioVersion = 10.0.40219.1
Project("{9A19103F-16F7-4668-BE54-9A1E7A4F7556}") = "Monaco", "Monaco\Monaco.csproj", "{8D08EAE1-ED56-47A2-AF1A-190A9CE17193}"
EndProject
Project("{FAE04EC0-301F-11D3-BF4B-00C04F79EFBC}") = "UnitTestProject1", "UnitTestProject1\UnitTestProject1.csproj", "{061C37F4-D410-470E-9E48-6EDADFEC1A16}"
EndProject
Global
	GlobalSection(SolutionConfigurationPlatforms) = preSolution
		Debug|Any CPU = Debug|Any CPU
		Release|Any CPU = Release|Any CPU
	EndGlobalSection
	GlobalSection(ProjectConfigurationPlatforms) = postSolution
		{8D08EAE1-ED56-47A2-AF1A-190A9CE17193}.Debug|Any CPU.ActiveCfg = Debug|Any CPU
		{8D08EAE1-ED56-47A2-AF1A-190A9CE17193}.Debug|Any CPU.Build.0 = Debug|Any CPU
		{8D08EAE1-ED56-47A2-AF1A-190A9CE17193}.Release|Any CPU.ActiveCfg = Release|Any CPU
		{8D08EAE1-ED56-47A2-AF1A-190A9CE17193}.Release|Any CPU.Build.0 = Release|Any CPU
		{061C37F4-D410-470E-9E48-6EDADFEC1A16}.Debug|Any CPU.ActiveCfg = Debug|Any CPU
		{061C37F4-D410-470E-9E48-6EDADFEC1A16}.Debug|Any CPU.Build.0 = Debug|Any CPU
		{061C37F4-D410-470E-9E48-6EDADFEC1A16}.Release|Any CPU.ActiveCfg = Release|Any CPU
		{061C37F4-D410-470E-9E48-6EDADFEC1A16}.Release|Any CPU.Build.0 = Release|Any CPU
	EndGlobalSection
	GlobalSection(SolutionProperties) = preSolution
		HideSolutionNode = FALSE
	EndGlobalSection
	GlobalSection(ExtensibilityGlobals) = postSolution
		SolutionGuid = {7A6C6596-7301-49E6-9323-C5834FB782CA}
	EndGlobalSection
EndGlobal
